// !$*UTF8*$!
{
	archiveVersion = 1;
	classes = {
	};
	objectVersion = 50;
	objects = {

/* Begin PBXBuildFile section */
		DF7EFA7C2084E6E400A533CB /* Cliente2.m in Sources */ = {isa = PBXBuildFile; fileRef = DF7EFA7B2084E6E400A533CB /* Cliente2.m */; };
		DFA242D9207FB44200ED41C5 /* main.m in Sources */ = {isa = PBXBuildFile; fileRef = DFA242D8207FB44200ED41C5 /* main.m */; };
		DFA242E1207FB4CB00ED41C5 /* Cliente.m in Sources */ = {isa = PBXBuildFile; fileRef = DFA242E0207FB4CB00ED41C5 /* Cliente.m */; };
/* End PBXBuildFile section */

/* Begin PBXCopyFilesBuildPhase section */
		DFA242D3207FB44200ED41C5 /* CopyFiles */ = {
			isa = PBXCopyFilesBuildPhase;
			buildActionMask = 2147483647;
			dstPath = /usr/share/man/man1/;
			dstSubfolderSpec = 0;
			files = (
			);
			runOnlyForDeploymentPostprocessing = 1;
		};
/* End PBXCopyFilesBuildPhase section */

/* Begin PBXFileReference section */
		DF7EFA7A2084E6E400A533CB /* Cliente2.h */ = {isa = PBXFileReference; lastKnownFileType = sourcecode.c.h; path = Cliente2.h; sourceTree = "<group>"; };
		DF7EFA7B2084E6E400A533CB /* Cliente2.m */ = {isa = PBXFileReference; lastKnownFileType = sourcecode.c.objc; path = Cliente2.m; sourceTree = "<group>"; };
		DFA242D5207FB44200ED41C5 /* EjemploOS */ = {isa = PBXFileReference; explicitFileType = "compiled.mach-o.executable"; includeInIndex = 0; path = EjemploOS; sourceTree = BUILT_PRODUCTS_DIR; };
		DFA242D8207FB44200ED41C5 /* main.m */ = {isa = PBXFileReference; lastKnownFileType = sourcecode.c.objc; path = main.m; sourceTree = "<group>"; };
		DFA242DF207FB4CB00ED41C5 /* Cliente.h */ = {isa = PBXFileReference; lastKnownFileType = sourcecode.c.h; path = Cliente.h; sourceTree = "<group>"; };
		DFA242E0207FB4CB00ED41C5 /* Cliente.m */ = {isa = PBXFileReference; lastKnownFileType = sourcecode.c.objc; path = Cliente.m; sourceTree = "<group>"; };
/* End PBXFileReference section */

/* Begin PBXFrameworksBuildPhase section */
		DFA242D2207FB44200ED41C5 /* Frameworks */ = {
			isa = PBXFrameworksBuildPhase;
			buildActionMask = 2147483647;
			files = (
			);
			runOnlyForDeploymentPostprocessing = 0;
		};
/* End PBXFrameworksBuildPhase section */

/* Begin PBXGroup section */
		DFA242CC207FB44200ED41C5 = {
			isa = PBXGroup;
			children = (
				DFA242D7207FB44200ED41C5 /* EjemploOS */,
				DFA242D6207FB44200ED41C5 /* Products */,
			);
			sourceTree = "<group>";
		};
		DFA242D6207FB44200ED41C5 /* Products */ = {
			isa = PBXGroup;
			children = (
				DFA242D5207FB44200ED41C5 /* EjemploOS */,
			);
			name = Products;
			sourceTree = "<group>";
		};
		DFA242D7207FB44200ED41C5 /* EjemploOS */ = {
			isa = PBXGroup;
			children = (
				DFA242D8207FB44200ED41C5 /* main.m */,
				DF7EFA7A2084E6E400A533CB /* Cliente2.h */,
				DF7EFA7B2084E6E400A533CB /* Cliente2.m */,
				DFA242DF207FB4CB00ED41C5 /* Cliente.h */,
				DFA242E0207FB4CB00ED41C5 /* Cliente.m */,
			);
			path = EjemploOS;
			sourceTree = "<group>";
		};
/* End PBXGroup section */

/* Begin PBXNativeTarget section */
		DFA242D4207FB44200ED41C5 /* EjemploOS */ = {
			isa = PBXNativeTarget;
			buildConfigurationList = DFA242DC207FB44200ED41C5 /* Build configuration list for PBXNativeTarget "EjemploOS" */;
			buildPhases = (
				DFA242D1207FB44200ED41C5 /* Sources */,
				DFA242D2207FB44200ED41C5 /* Frameworks */,
				DFA242D3207FB44200ED41C5 /* CopyFiles */,
			);
			buildRules = (
			);
			dependencies = (
			);
			name = EjemploOS;
			productName = EjemploOS;
			productReference = DFA242D5207FB44200ED41C5 /* EjemploOS */;
			productType = "com.apple.product-type.tool";
		};
/* End PBXNativeTarget section */

/* Begin PBXProject section */
		DFA242CD207FB44200ED41C5 /* Project object */ = {
			isa = PBXProject;
			attributes = {
				LastUpgradeCheck = 0930;
				ORGANIZATIONNAME = user137296;
				TargetAttributes = {
					DFA242D4207FB44200ED41C5 = {
						CreatedOnToolsVersion = 9.3;
					};
				};
			};
			buildConfigurationList = DFA242D0207FB44200ED41C5 /* Build configuration list for PBXProject "EjemploOS" */;
			compatibilityVersion = "Xcode 9.3";
			developmentRegion = en;
			hasScannedForEncodings = 0;
			knownRegions = (
				en,
			);
			mainGroup = DFA242CC207FB44200ED41C5;
			productRefGroup = DFA242D6207FB44200ED41C5 /* Products */;
			projectDirPath = "";
			projectRoot = "";
			targets = (
				DFA242D4207FB44200ED41C5 /* EjemploOS */,
			);
		};
/* End PBXProject section */

/* Begin PBXSourcesBuildPhase section */
		DFA242D1207FB44200ED41C5 /* Sources */ = {
			isa = PBXSourcesBuildPhase;
			buildActionMask = 2147483647;
			files = (
				DFA242E1207FB4CB00ED41C5 /* Cliente.m in Sources */,
				DF7EFA7C2084E6E400A533CB /* Cliente2.m in Sources */,
				DFA242D9207FB44200ED41C5 /* main.m in Sources */,
			);
			runOnlyForDeploymentPostprocessing = 0;
		};
/* End PBXSourcesBuildPhase section */

/* Begin XCBuildConfiguration section */
		DFA242DA207FB44200ED41C5 /* Debug */ = {
			isa = XCBuildConfiguration;
			buildSettings = {
				ALWAYS_SEARCH_USER_PATHS = NO;
				CLANG_ANALYZER_NONNULL = YES;
				CLANG_ANALYZER_NUMBER_OBJECT_CONVERSION = YES_AGGRESSIVE;
				CLANG_CXX_LANGUAGE_STANDARD = "gnu++14";
				CLANG_CXX_LIBRARY = "libc++";
				CLANG_ENABLE_MODULES = YES;
				CLANG_ENABLE_OBJC_ARC = YES;
				CLANG_ENABLE_OBJC_WEAK = YES;
				CLANG_WARN_BLOCK_CAPTURE_AUTORELEASING = YES;
				CLANG_WARN_BOOL_CONVERSION = YES;
				CLANG_WARN_COMMA = YES;
				CLANG_WARN_CONSTANT_CONVERSION = YES;
				CLANG_WARN_DEPRECATED_OBJC_IMPLEMENTATIONS = YES;
				CLANG_WARN_DIRECT_OBJC_ISA_USAGE = YES_ERROR;
				CLANG_WARN_DOCUMENTATION_COMMENTS = YES;
				CLANG_WARN_EMPTY_BODY = YES;
				CLANG_WARN_ENUM_CONVERSION = YES;
				CLANG_WARN_INFINITE_RECURSION = YES;
				CLANG_WARN_INT_CONVERSION = YES;
				CLANG_WARN_NON_LITERAL_NULL_CONVERSION = YES;
				CLANG_WARN_OBJC_IMPLICIT_RETAIN_SELF = YES;
				CLANG_WARN_OBJC_LITERAL_CONVERSION = YES;
				CLANG_WARN_OBJC_ROOT_CLASS = YES_ERROR;
				CLANG_WARN_RANGE_LOOP_ANALYSIS = YES;
				CLANG_WARN_STRICT_PROTOTYPES = YES;
				CLANG_WARN_SUSPICIOUS_MOVE = YES;
				CLANG_WARN_UNGUARDED_AVAILABILITY = YES_AGGRESSIVE;
				CLANG_WARN_UNREACHABLE_CODE = YES;
				CLANG_WARN__DUPLICATE_METHOD_MATCH = YES;
				CODE_SIGN_IDENTITY = "-";
				COPY_PHASE_STRIP = NO;
				DEBUG_INFORMATION_FORMAT = dwarf;
				ENABLE_STRICT_OBJC_MSGSEND = YES;
				ENABLE_TESTABILITY = YES;
				GCC_C_LANGUAGE_STANDARD = gnu11;
				GCC_DYNAMIC_NO_PIC = NO;
				GCC_NO_COMMON_BLOCKS = YES;
				GCC_OPTIMIZATION_LEVEL = 0;
				GCC_PREPROCESSOR_DEFINITIONS = (
					"DEBUG=1",
					"$(inherited)",
				);
				GCC_WARN_64_TO_32_BIT_CONVERSION = YES;
				GCC_WARN_ABOUT_RETURN_TYPE = YES_ERROR;
				GCC_WARN_UNDECLARED_SELECTOR = YES;
				GCC_WARN_UNINITIALIZED_AUTOS = YES_AGGRESSIVE;
				GCC_WARN_UNUSED_FUNCTION = YES;
				GCC_WARN_UNUSED_VARIABLE = YES;
				MACOSX_DEPLOYMENT_TARGET = 10.13;
				MTL_ENABLE_DEBUG_INFO = YES;
				ONLY_ACTIVE_ARCH = YES;
				SDKROOT = macosx;
			};
			name = Debug;
		};
		DFA242DB207FB44200ED41C5 /* Release */ = {
			isa = XCBuildConfiguration;
			buildSettings = {
				ALWAYS_SEARCH_USER_PATHS = NO;
				CLANG_ANALYZER_NONNULL = YES;
				CLANG_ANALYZER_NUMBER_OBJECT_CONVERSION = YES_AGGRESSIVE;
				CLANG_CXX_LANGUAGE_STANDARD = "gnu++14";
				CLANG_CXX_LIBRARY = "libc++";
				CLANG_ENABLE_MODULES = YES;
				CLANG_ENABLE_OBJC_ARC = YES;
				CLANG_ENABLE_OBJC_WEAK = YES;
				CLANG_WARN_BLOCK_CAPTURE_AUTORELEASING = YES;
				CLANG_WARN_BOOL_CONVERSION = YES;
				CLANG_WARN_COMMA = YES;
				CLANG_WARN_CONSTANT_CONVERSION = YES;
				CLANG_WARN_DEPRECATED_OBJC_IMPLEMENTATIONS = YES;
				CLANG_WARN_DIRECT_OBJC_ISA_USAGE = YES_ERROR;
				CLANG_WARN_DOCUMENTATION_COMMENTS = YES;
				CLANG_WARN_EMPTY_BODY = YES;
				CLANG_WARN_ENUM_CONVERSION = YES;
				CLANG_WARN_INFINITE_RECURSION = YES;
				CLANG_WARN_INT_CONVERSION = YES;
				CLANG_WARN_NON_LITERAL_NULL_CONVERSION = YES;
				CLANG_WARN_OBJC_IMPLICIT_RETAIN_SELF = YES;
				CLANG_WARN_OBJC_LITERAL_CONVERSION = YES;
				CLANG_WARN_OBJC_ROOT_CLASS = YES_ERROR;
				CLANG_WARN_RANGE_LOOP_ANALYSIS = YES;
				CLANG_WARN_STRICT_PROTOTYPES = YES;
				CLANG_WARN_SUSPICIOUS_MOVE = YES;
				CLANG_WARN_UNGUARDED_AVAILABILITY = YES_AGGRESSIVE;
				CLANG_WARN_UNREACHABLE_CODE = YES;
				CLANG_WARN__DUPLICATE_METHOD_MATCH = YES;
				CODE_SIGN_IDENTITY = "-";
				COPY_PHASE_STRIP = NO;
				DEBUG_INFORMATION_FORMAT = "dwarf-with-dsym";
				ENABLE_NS_ASSERTIONS = NO;
				ENABLE_STRICT_OBJC_MSGSEND = YES;
				GCC_C_LANGUAGE_STANDARD = gnu11;
				GCC_NO_COMMON_BLOCKS = YES;
				GCC_WARN_64_TO_32_BIT_CONVERSION = YES;
				GCC_WARN_ABOUT_RETURN_TYPE = YES_ERROR;
				GCC_WARN_UNDECLARED_SELECTOR = YES;
				GCC_WARN_UNINITIALIZED_AUTOS = YES_AGGRESSIVE;
				GCC_WARN_UNUSED_FUNCTION = YES;
				GCC_WARN_UNUSED_VARIABLE = YES;
				MACOSX_DEPLOYMENT_TARGET = 10.13;
				MTL_ENABLE_DEBUG_INFO = NO;
				SDKROOT = macosx;
			};
			name = Release;
		};
		DFA242DD207FB44200ED41C5 /* Debug */ = {
			isa = XCBuildConfiguration;
			buildSettings = {
				CODE_SIGN_STYLE = Automatic;
				PRODUCT_NAME = "$(TARGET_NAME)";
			};
			name = Debug;
		};
		DFA242DE207FB44200ED41C5 /* Release */ = {
			isa = XCBuildConfiguration;
			buildSettings = {
				CODE_SIGN_STYLE = Automatic;
				PRODUCT_NAME = "$(TARGET_NAME)";
			};
			name = Release;
		};
/* End XCBuildConfiguration section */

/* Begin XCConfigurationList section */
		DFA242D0207FB44200ED41C5 /* Build configuration list for PBXProject "EjemploOS" */ = {
			isa = XCConfigurationList;
			buildConfigurations = (
				DFA242DA207FB44200ED41C5 /* Debug */,
				DFA242DB207FB44200ED41C5 /* Release */,
			);
			defaultConfigurationIsVisible = 0;
			defaultConfigurationName = Release;
		};
		DFA242DC207FB44200ED41C5 /* Build configuration list for PBXNativeTarget "EjemploOS" */ = {
			isa = XCConfigurationList;
			buildConfigurations = (
				DFA242DD207FB44200ED41C5 /* Debug */,
				DFA242DE207FB44200ED41C5 /* Release */,
			);
			defaultConfigurationIsVisible = 0;
			defaultConfigurationName = Release;
		};
/* End XCConfigurationList section */
	};
	rootObject = DFA242CD207FB44200ED41C5 /* Project object */;
}
