// !$*UTF8*$!
{
	archiveVersion = 1;
	classes = {
	};
	objectVersion = 50;
	objects = {

/* Begin PBXBuildFile section */
		DF34DDC2209A222200B88AB4 /* AppDelegate.m in Sources */ = {isa = PBXBuildFile; fileRef = DF34DDC1209A222200B88AB4 /* AppDelegate.m */; };
		DF34DDC5209A222200B88AB4 /* ViewController.m in Sources */ = {isa = PBXBuildFile; fileRef = DF34DDC4209A222200B88AB4 /* ViewController.m */; };
		DF34DDC8209A222200B88AB4 /* Main.storyboard in Resources */ = {isa = PBXBuildFile; fileRef = DF34DDC6209A222200B88AB4 /* Main.storyboard */; };
		DF34DDCA209A222300B88AB4 /* Assets.xcassets in Resources */ = {isa = PBXBuildFile; fileRef = DF34DDC9209A222300B88AB4 /* Assets.xcassets */; };
		DF34DDCD209A222300B88AB4 /* LaunchScreen.storyboard in Resources */ = {isa = PBXBuildFile; fileRef = DF34DDCB209A222300B88AB4 /* LaunchScreen.storyboard */; };
		DF34DDD0209A222300B88AB4 /* main.m in Sources */ = {isa = PBXBuildFile; fileRef = DF34DDCF209A222300B88AB4 /* main.m */; };
		DF34DDDA209A222400B88AB4 /* PreeeExamen__Tests.m in Sources */ = {isa = PBXBuildFile; fileRef = DF34DDD9209A222400B88AB4 /* PreeeExamen__Tests.m */; };
		DF34DDE5209A222400B88AB4 /* PreeeExamen__UITests.m in Sources */ = {isa = PBXBuildFile; fileRef = DF34DDE4209A222400B88AB4 /* PreeeExamen__UITests.m */; };
		DF34DDF7209A248F00B88AB4 /* ViewControler2ViewController.m in Sources */ = {isa = PBXBuildFile; fileRef = DF34DDF6209A248F00B88AB4 /* ViewControler2ViewController.m */; };
		DF34DDFA209A26C400B88AB4 /* TablaDSDS.m in Sources */ = {isa = PBXBuildFile; fileRef = DF34DDF9209A26C400B88AB4 /* TablaDSDS.m */; };
		DF34DDFD209A3D0A00B88AB4 /* NoMueras!!.m in Sources */ = {isa = PBXBuildFile; fileRef = DF34DDFC209A3D0A00B88AB4 /* NoMueras!!.m */; };
/* End PBXBuildFile section */

/* Begin PBXContainerItemProxy section */
		DF34DDD6209A222400B88AB4 /* PBXContainerItemProxy */ = {
			isa = PBXContainerItemProxy;
			containerPortal = DF34DDB5209A222200B88AB4 /* Project object */;
			proxyType = 1;
			remoteGlobalIDString = DF34DDBC209A222200B88AB4;
			remoteInfo = "PreeeExamen!!";
		};
		DF34DDE1209A222400B88AB4 /* PBXContainerItemProxy */ = {
			isa = PBXContainerItemProxy;
			containerPortal = DF34DDB5209A222200B88AB4 /* Project object */;
			proxyType = 1;
			remoteGlobalIDString = DF34DDBC209A222200B88AB4;
			remoteInfo = "PreeeExamen!!";
		};
/* End PBXContainerItemProxy section */

/* Begin PBXFileReference section */
		DF34DDBD209A222200B88AB4 /* PreeeExamen!!.app */ = {isa = PBXFileReference; explicitFileType = wrapper.application; includeInIndex = 0; path = "PreeeExamen!!.app"; sourceTree = BUILT_PRODUCTS_DIR; };
		DF34DDC0209A222200B88AB4 /* AppDelegate.h */ = {isa = PBXFileReference; lastKnownFileType = sourcecode.c.h; path = AppDelegate.h; sourceTree = "<group>"; };
		DF34DDC1209A222200B88AB4 /* AppDelegate.m */ = {isa = PBXFileReference; lastKnownFileType = sourcecode.c.objc; path = AppDelegate.m; sourceTree = "<group>"; };
		DF34DDC3209A222200B88AB4 /* ViewController.h */ = {isa = PBXFileReference; lastKnownFileType = sourcecode.c.h; path = ViewController.h; sourceTree = "<group>"; };
		DF34DDC4209A222200B88AB4 /* ViewController.m */ = {isa = PBXFileReference; lastKnownFileType = sourcecode.c.objc; path = ViewController.m; sourceTree = "<group>"; };
		DF34DDC7209A222200B88AB4 /* Base */ = {isa = PBXFileReference; lastKnownFileType = file.storyboard; name = Base; path = Base.lproj/Main.storyboard; sourceTree = "<group>"; };
		DF34DDC9209A222300B88AB4 /* Assets.xcassets */ = {isa = PBXFileReference; lastKnownFileType = folder.assetcatalog; path = Assets.xcassets; sourceTree = "<group>"; };
		DF34DDCC209A222300B88AB4 /* Base */ = {isa = PBXFileReference; lastKnownFileType = file.storyboard; name = Base; path = Base.lproj/LaunchScreen.storyboard; sourceTree = "<group>"; };
		DF34DDCE209A222300B88AB4 /* Info.plist */ = {isa = PBXFileReference; lastKnownFileType = text.plist.xml; path = Info.plist; sourceTree = "<group>"; };
		DF34DDCF209A222300B88AB4 /* main.m */ = {isa = PBXFileReference; lastKnownFileType = sourcecode.c.objc; path = main.m; sourceTree = "<group>"; };
		DF34DDD5209A222400B88AB4 /* PreeeExamen!!Tests.xctest */ = {isa = PBXFileReference; explicitFileType = wrapper.cfbundle; includeInIndex = 0; path = "PreeeExamen!!Tests.xctest"; sourceTree = BUILT_PRODUCTS_DIR; };
		DF34DDD9209A222400B88AB4 /* PreeeExamen__Tests.m */ = {isa = PBXFileReference; lastKnownFileType = sourcecode.c.objc; path = PreeeExamen__Tests.m; sourceTree = "<group>"; };
		DF34DDDB209A222400B88AB4 /* Info.plist */ = {isa = PBXFileReference; lastKnownFileType = text.plist.xml; path = Info.plist; sourceTree = "<group>"; };
		DF34DDE0209A222400B88AB4 /* PreeeExamen!!UITests.xctest */ = {isa = PBXFileReference; explicitFileType = wrapper.cfbundle; includeInIndex = 0; path = "PreeeExamen!!UITests.xctest"; sourceTree = BUILT_PRODUCTS_DIR; };
		DF34DDE4209A222400B88AB4 /* PreeeExamen__UITests.m */ = {isa = PBXFileReference; lastKnownFileType = sourcecode.c.objc; path = PreeeExamen__UITests.m; sourceTree = "<group>"; };
		DF34DDE6209A222400B88AB4 /* Info.plist */ = {isa = PBXFileReference; lastKnownFileType = text.plist.xml; path = Info.plist; sourceTree = "<group>"; };
		DF34DDF5209A248F00B88AB4 /* ViewControler2ViewController.h */ = {isa = PBXFileReference; lastKnownFileType = sourcecode.c.h; path = ViewControler2ViewController.h; sourceTree = "<group>"; };
		DF34DDF6209A248F00B88AB4 /* ViewControler2ViewController.m */ = {isa = PBXFileReference; lastKnownFileType = sourcecode.c.objc; path = ViewControler2ViewController.m; sourceTree = "<group>"; };
		DF34DDF8209A26C400B88AB4 /* TablaDSDS.h */ = {isa = PBXFileReference; lastKnownFileType = sourcecode.c.h; path = TablaDSDS.h; sourceTree = "<group>"; };
		DF34DDF9209A26C400B88AB4 /* TablaDSDS.m */ = {isa = PBXFileReference; lastKnownFileType = sourcecode.c.objc; path = TablaDSDS.m; sourceTree = "<group>"; };
		DF34DDFB209A3D0A00B88AB4 /* NoMueras!!.h */ = {isa = PBXFileReference; lastKnownFileType = sourcecode.c.h; path = "NoMueras!!.h"; sourceTree = "<group>"; };
		DF34DDFC209A3D0A00B88AB4 /* NoMueras!!.m */ = {isa = PBXFileReference; lastKnownFileType = sourcecode.c.objc; path = "NoMueras!!.m"; sourceTree = "<group>"; };
/* End PBXFileReference section */

/* Begin PBXFrameworksBuildPhase section */
		DF34DDBA209A222200B88AB4 /* Frameworks */ = {
			isa = PBXFrameworksBuildPhase;
			buildActionMask = 2147483647;
			files = (
			);
			runOnlyForDeploymentPostprocessing = 0;
		};
		DF34DDD2209A222400B88AB4 /* Frameworks */ = {
			isa = PBXFrameworksBuildPhase;
			buildActionMask = 2147483647;
			files = (
			);
			runOnlyForDeploymentPostprocessing = 0;
		};
		DF34DDDD209A222400B88AB4 /* Frameworks */ = {
			isa = PBXFrameworksBuildPhase;
			buildActionMask = 2147483647;
			files = (
			);
			runOnlyForDeploymentPostprocessing = 0;
		};
/* End PBXFrameworksBuildPhase section */

/* Begin PBXGroup section */
		DF34DDB4209A222200B88AB4 = {
			isa = PBXGroup;
			children = (
				DF34DDBF209A222200B88AB4 /* PreeeExamen!! */,
				DF34DDD8209A222400B88AB4 /* PreeeExamen!!Tests */,
				DF34DDE3209A222400B88AB4 /* PreeeExamen!!UITests */,
				DF34DDBE209A222200B88AB4 /* Products */,
			);
			sourceTree = "<group>";
		};
		DF34DDBE209A222200B88AB4 /* Products */ = {
			isa = PBXGroup;
			children = (
				DF34DDBD209A222200B88AB4 /* PreeeExamen!!.app */,
				DF34DDD5209A222400B88AB4 /* PreeeExamen!!Tests.xctest */,
				DF34DDE0209A222400B88AB4 /* PreeeExamen!!UITests.xctest */,
			);
			name = Products;
			sourceTree = "<group>";
		};
		DF34DDBF209A222200B88AB4 /* PreeeExamen!! */ = {
			isa = PBXGroup;
			children = (
				DF34DDC0209A222200B88AB4 /* AppDelegate.h */,
				DF34DDC1209A222200B88AB4 /* AppDelegate.m */,
				DF34DDC3209A222200B88AB4 /* ViewController.h */,
				DF34DDC4209A222200B88AB4 /* ViewController.m */,
				DF34DDFB209A3D0A00B88AB4 /* NoMueras!!.h */,
				DF34DDFC209A3D0A00B88AB4 /* NoMueras!!.m */,
				DF34DDF5209A248F00B88AB4 /* ViewControler2ViewController.h */,
				DF34DDF6209A248F00B88AB4 /* ViewControler2ViewController.m */,
				DF34DDC6209A222200B88AB4 /* Main.storyboard */,
				DF34DDF8209A26C400B88AB4 /* TablaDSDS.h */,
				DF34DDF9209A26C400B88AB4 /* TablaDSDS.m */,
				DF34DDC9209A222300B88AB4 /* Assets.xcassets */,
				DF34DDCB209A222300B88AB4 /* LaunchScreen.storyboard */,
				DF34DDCE209A222300B88AB4 /* Info.plist */,
				DF34DDCF209A222300B88AB4 /* main.m */,
			);
			path = "PreeeExamen!!";
			sourceTree = "<group>";
		};
		DF34DDD8209A222400B88AB4 /* PreeeExamen!!Tests */ = {
			isa = PBXGroup;
			children = (
				DF34DDD9209A222400B88AB4 /* PreeeExamen__Tests.m */,
				DF34DDDB209A222400B88AB4 /* Info.plist */,
			);
			path = "PreeeExamen!!Tests";
			sourceTree = "<group>";
		};
		DF34DDE3209A222400B88AB4 /* PreeeExamen!!UITests */ = {
			isa = PBXGroup;
			children = (
				DF34DDE4209A222400B88AB4 /* PreeeExamen__UITests.m */,
				DF34DDE6209A222400B88AB4 /* Info.plist */,
			);
			path = "PreeeExamen!!UITests";
			sourceTree = "<group>";
		};
/* End PBXGroup section */

/* Begin PBXNativeTarget section */
		DF34DDBC209A222200B88AB4 /* PreeeExamen!! */ = {
			isa = PBXNativeTarget;
			buildConfigurationList = DF34DDE9209A222400B88AB4 /* Build configuration list for PBXNativeTarget "PreeeExamen!!" */;
			buildPhases = (
				DF34DDB9209A222200B88AB4 /* Sources */,
				DF34DDBA209A222200B88AB4 /* Frameworks */,
				DF34DDBB209A222200B88AB4 /* Resources */,
			);
			buildRules = (
			);
			dependencies = (
			);
			name = "PreeeExamen!!";
			productName = "PreeeExamen!!";
			productReference = DF34DDBD209A222200B88AB4 /* PreeeExamen!!.app */;
			productType = "com.apple.product-type.application";
		};
		DF34DDD4209A222400B88AB4 /* PreeeExamen!!Tests */ = {
			isa = PBXNativeTarget;
			buildConfigurationList = DF34DDEC209A222400B88AB4 /* Build configuration list for PBXNativeTarget "PreeeExamen!!Tests" */;
			buildPhases = (
				DF34DDD1209A222400B88AB4 /* Sources */,
				DF34DDD2209A222400B88AB4 /* Frameworks */,
				DF34DDD3209A222400B88AB4 /* Resources */,
			);
			buildRules = (
			);
			dependencies = (
				DF34DDD7209A222400B88AB4 /* PBXTargetDependency */,
			);
			name = "PreeeExamen!!Tests";
			productName = "PreeeExamen!!Tests";
			productReference = DF34DDD5209A222400B88AB4 /* PreeeExamen!!Tests.xctest */;
			productType = "com.apple.product-type.bundle.unit-test";
		};
		DF34DDDF209A222400B88AB4 /* PreeeExamen!!UITests */ = {
			isa = PBXNativeTarget;
			buildConfigurationList = DF34DDEF209A222400B88AB4 /* Build configuration list for PBXNativeTarget "PreeeExamen!!UITests" */;
			buildPhases = (
				DF34DDDC209A222400B88AB4 /* Sources */,
				DF34DDDD209A222400B88AB4 /* Frameworks */,
				DF34DDDE209A222400B88AB4 /* Resources */,
			);
			buildRules = (
			);
			dependencies = (
				DF34DDE2209A222400B88AB4 /* PBXTargetDependency */,
			);
			name = "PreeeExamen!!UITests";
			productName = "PreeeExamen!!UITests";
			productReference = DF34DDE0209A222400B88AB4 /* PreeeExamen!!UITests.xctest */;
			productType = "com.apple.product-type.bundle.ui-testing";
		};
/* End PBXNativeTarget section */

/* Begin PBXProject section */
		DF34DDB5209A222200B88AB4 /* Project object */ = {
			isa = PBXProject;
			attributes = {
				LastUpgradeCheck = 0930;
				ORGANIZATIONNAME = user137296;
				TargetAttributes = {
					DF34DDBC209A222200B88AB4 = {
						CreatedOnToolsVersion = 9.3;
					};
					DF34DDD4209A222400B88AB4 = {
						CreatedOnToolsVersion = 9.3;
						TestTargetID = DF34DDBC209A222200B88AB4;
					};
					DF34DDDF209A222400B88AB4 = {
						CreatedOnToolsVersion = 9.3;
						TestTargetID = DF34DDBC209A222200B88AB4;
					};
				};
			};
			buildConfigurationList = DF34DDB8209A222200B88AB4 /* Build configuration list for PBXProject "PreeeExamen!!" */;
			compatibilityVersion = "Xcode 9.3";
			developmentRegion = en;
			hasScannedForEncodings = 0;
			knownRegions = (
				en,
				Base,
			);
			mainGroup = DF34DDB4209A222200B88AB4;
			productRefGroup = DF34DDBE209A222200B88AB4 /* Products */;
			projectDirPath = "";
			projectRoot = "";
			targets = (
				DF34DDBC209A222200B88AB4 /* PreeeExamen!! */,
				DF34DDD4209A222400B88AB4 /* PreeeExamen!!Tests */,
				DF34DDDF209A222400B88AB4 /* PreeeExamen!!UITests */,
			);
		};
/* End PBXProject section */

/* Begin PBXResourcesBuildPhase section */
		DF34DDBB209A222200B88AB4 /* Resources */ = {
			isa = PBXResourcesBuildPhase;
			buildActionMask = 2147483647;
			files = (
				DF34DDCD209A222300B88AB4 /* LaunchScreen.storyboard in Resources */,
				DF34DDCA209A222300B88AB4 /* Assets.xcassets in Resources */,
				DF34DDC8209A222200B88AB4 /* Main.storyboard in Resources */,
			);
			runOnlyForDeploymentPostprocessing = 0;
		};
		DF34DDD3209A222400B88AB4 /* Resources */ = {
			isa = PBXResourcesBuildPhase;
			buildActionMask = 2147483647;
			files = (
			);
			runOnlyForDeploymentPostprocessing = 0;
		};
		DF34DDDE209A222400B88AB4 /* Resources */ = {
			isa = PBXResourcesBuildPhase;
			buildActionMask = 2147483647;
			files = (
			);
			runOnlyForDeploymentPostprocessing = 0;
		};
/* End PBXResourcesBuildPhase section */

/* Begin PBXSourcesBuildPhase section */
		DF34DDB9209A222200B88AB4 /* Sources */ = {
			isa = PBXSourcesBuildPhase;
			buildActionMask = 2147483647;
			files = (
				DF34DDFA209A26C400B88AB4 /* TablaDSDS.m in Sources */,
				DF34DDC5209A222200B88AB4 /* ViewController.m in Sources */,
				DF34DDF7209A248F00B88AB4 /* ViewControler2ViewController.m in Sources */,
				DF34DDD0209A222300B88AB4 /* main.m in Sources */,
				DF34DDC2209A222200B88AB4 /* AppDelegate.m in Sources */,
				DF34DDFD209A3D0A00B88AB4 /* NoMueras!!.m in Sources */,
			);
			runOnlyForDeploymentPostprocessing = 0;
		};
		DF34DDD1209A222400B88AB4 /* Sources */ = {
			isa = PBXSourcesBuildPhase;
			buildActionMask = 2147483647;
			files = (
				DF34DDDA209A222400B88AB4 /* PreeeExamen__Tests.m in Sources */,
			);
			runOnlyForDeploymentPostprocessing = 0;
		};
		DF34DDDC209A222400B88AB4 /* Sources */ = {
			isa = PBXSourcesBuildPhase;
			buildActionMask = 2147483647;
			files = (
				DF34DDE5209A222400B88AB4 /* PreeeExamen__UITests.m in Sources */,
			);
			runOnlyForDeploymentPostprocessing = 0;
		};
/* End PBXSourcesBuildPhase section */

/* Begin PBXTargetDependency section */
		DF34DDD7209A222400B88AB4 /* PBXTargetDependency */ = {
			isa = PBXTargetDependency;
			target = DF34DDBC209A222200B88AB4 /* PreeeExamen!! */;
			targetProxy = DF34DDD6209A222400B88AB4 /* PBXContainerItemProxy */;
		};
		DF34DDE2209A222400B88AB4 /* PBXTargetDependency */ = {
			isa = PBXTargetDependency;
			target = DF34DDBC209A222200B88AB4 /* PreeeExamen!! */;
			targetProxy = DF34DDE1209A222400B88AB4 /* PBXContainerItemProxy */;
		};
/* End PBXTargetDependency section */

/* Begin PBXVariantGroup section */
		DF34DDC6209A222200B88AB4 /* Main.storyboard */ = {
			isa = PBXVariantGroup;
			children = (
				DF34DDC7209A222200B88AB4 /* Base */,
			);
			name = Main.storyboard;
			sourceTree = "<group>";
		};
		DF34DDCB209A222300B88AB4 /* LaunchScreen.storyboard */ = {
			isa = PBXVariantGroup;
			children = (
				DF34DDCC209A222300B88AB4 /* Base */,
			);
			name = LaunchScreen.storyboard;
			sourceTree = "<group>";
		};
/* End PBXVariantGroup section */

/* Begin XCBuildConfiguration section */
		DF34DDE7209A222400B88AB4 /* Debug */ = {
			isa = XCBuildConfiguration;
			buildSettings = {
				ALWAYS_SEARCH_USER_PATHS = NO;
				CLANG_ANALYZER_NONNULL = YES;
				CLANG_ANALYZER_NUMBER_OBJECT_CONVERSION = YES_AGGRESSIVE;
				CLANG_CXX_LANGUAGE_STANDARD = "gnu++14";
				CLANG_CXX_LIBRARY = "libc++";
				CLANG_ENABLE_MODULES = YES;
				CLANG_ENABLE_OBJC_ARC = YES;
				CLANG_ENABLE_OBJC_WEAK = YES;
				CLANG_WARN_BLOCK_CAPTURE_AUTORELEASING = YES;
				CLANG_WARN_BOOL_CONVERSION = YES;
				CLANG_WARN_COMMA = YES;
				CLANG_WARN_CONSTANT_CONVERSION = YES;
				CLANG_WARN_DEPRECATED_OBJC_IMPLEMENTATIONS = YES;
				CLANG_WARN_DIRECT_OBJC_ISA_USAGE = YES_ERROR;
				CLANG_WARN_DOCUMENTATION_COMMENTS = YES;
				CLANG_WARN_EMPTY_BODY = YES;
				CLANG_WARN_ENUM_CONVERSION = YES;
				CLANG_WARN_INFINITE_RECURSION = YES;
				CLANG_WARN_INT_CONVERSION = YES;
				CLANG_WARN_NON_LITERAL_NULL_CONVERSION = YES;
				CLANG_WARN_OBJC_IMPLICIT_RETAIN_SELF = YES;
				CLANG_WARN_OBJC_LITERAL_CONVERSION = YES;
				CLANG_WARN_OBJC_ROOT_CLASS = YES_ERROR;
				CLANG_WARN_RANGE_LOOP_ANALYSIS = YES;
				CLANG_WARN_STRICT_PROTOTYPES = YES;
				CLANG_WARN_SUSPICIOUS_MOVE = YES;
				CLANG_WARN_UNGUARDED_AVAILABILITY = YES_AGGRESSIVE;
				CLANG_WARN_UNREACHABLE_CODE = YES;
				CLANG_WARN__DUPLICATE_METHOD_MATCH = YES;
				CODE_SIGN_IDENTITY = "iPhone Developer";
				COPY_PHASE_STRIP = NO;
				DEBUG_INFORMATION_FORMAT = dwarf;
				ENABLE_STRICT_OBJC_MSGSEND = YES;
				ENABLE_TESTABILITY = YES;
				GCC_C_LANGUAGE_STANDARD = gnu11;
				GCC_DYNAMIC_NO_PIC = NO;
				GCC_NO_COMMON_BLOCKS = YES;
				GCC_OPTIMIZATION_LEVEL = 0;
				GCC_PREPROCESSOR_DEFINITIONS = (
					"DEBUG=1",
					"$(inherited)",
				);
				GCC_WARN_64_TO_32_BIT_CONVERSION = YES;
				GCC_WARN_ABOUT_RETURN_TYPE = YES_ERROR;
				GCC_WARN_UNDECLARED_SELECTOR = YES;
				GCC_WARN_UNINITIALIZED_AUTOS = YES_AGGRESSIVE;
				GCC_WARN_UNUSED_FUNCTION = YES;
				GCC_WARN_UNUSED_VARIABLE = YES;
				IPHONEOS_DEPLOYMENT_TARGET = 11.3;
				MTL_ENABLE_DEBUG_INFO = YES;
				ONLY_ACTIVE_ARCH = YES;
				SDKROOT = iphoneos;
			};
			name = Debug;
		};
		DF34DDE8209A222400B88AB4 /* Release */ = {
			isa = XCBuildConfiguration;
			buildSettings = {
				ALWAYS_SEARCH_USER_PATHS = NO;
				CLANG_ANALYZER_NONNULL = YES;
				CLANG_ANALYZER_NUMBER_OBJECT_CONVERSION = YES_AGGRESSIVE;
				CLANG_CXX_LANGUAGE_STANDARD = "gnu++14";
				CLANG_CXX_LIBRARY = "libc++";
				CLANG_ENABLE_MODULES = YES;
				CLANG_ENABLE_OBJC_ARC = YES;
				CLANG_ENABLE_OBJC_WEAK = YES;
				CLANG_WARN_BLOCK_CAPTURE_AUTORELEASING = YES;
				CLANG_WARN_BOOL_CONVERSION = YES;
				CLANG_WARN_COMMA = YES;
				CLANG_WARN_CONSTANT_CONVERSION = YES;
				CLANG_WARN_DEPRECATED_OBJC_IMPLEMENTATIONS = YES;
				CLANG_WARN_DIRECT_OBJC_ISA_USAGE = YES_ERROR;
				CLANG_WARN_DOCUMENTATION_COMMENTS = YES;
				CLANG_WARN_EMPTY_BODY = YES;
				CLANG_WARN_ENUM_CONVERSION = YES;
				CLANG_WARN_INFINITE_RECURSION = YES;
				CLANG_WARN_INT_CONVERSION = YES;
				CLANG_WARN_NON_LITERAL_NULL_CONVERSION = YES;
				CLANG_WARN_OBJC_IMPLICIT_RETAIN_SELF = YES;
				CLANG_WARN_OBJC_LITERAL_CONVERSION = YES;
				CLANG_WARN_OBJC_ROOT_CLASS = YES_ERROR;
				CLANG_WARN_RANGE_LOOP_ANALYSIS = YES;
				CLANG_WARN_STRICT_PROTOTYPES = YES;
				CLANG_WARN_SUSPICIOUS_MOVE = YES;
				CLANG_WARN_UNGUARDED_AVAILABILITY = YES_AGGRESSIVE;
				CLANG_WARN_UNREACHABLE_CODE = YES;
				CLANG_WARN__DUPLICATE_METHOD_MATCH = YES;
				CODE_SIGN_IDENTITY = "iPhone Developer";
				COPY_PHASE_STRIP = NO;
				DEBUG_INFORMATION_FORMAT = "dwarf-with-dsym";
				ENABLE_NS_ASSERTIONS = NO;
				ENABLE_STRICT_OBJC_MSGSEND = YES;
				GCC_C_LANGUAGE_STANDARD = gnu11;
				GCC_NO_COMMON_BLOCKS = YES;
				GCC_WARN_64_TO_32_BIT_CONVERSION = YES;
				GCC_WARN_ABOUT_RETURN_TYPE = YES_ERROR;
				GCC_WARN_UNDECLARED_SELECTOR = YES;
				GCC_WARN_UNINITIALIZED_AUTOS = YES_AGGRESSIVE;
				GCC_WARN_UNUSED_FUNCTION = YES;
				GCC_WARN_UNUSED_VARIABLE = YES;
				IPHONEOS_DEPLOYMENT_TARGET = 11.3;
				MTL_ENABLE_DEBUG_INFO = NO;
				SDKROOT = iphoneos;
				VALIDATE_PRODUCT = YES;
			};
			name = Release;
		};
		DF34DDEA209A222400B88AB4 /* Debug */ = {
			isa = XCBuildConfiguration;
			buildSettings = {
				ASSETCATALOG_COMPILER_APPICON_NAME = AppIcon;
				CODE_SIGN_STYLE = Automatic;
				INFOPLIST_FILE = "PreeeExamen!!/Info.plist";
				LD_RUNPATH_SEARCH_PATHS = (
					"$(inherited)",
					"@executable_path/Frameworks",
				);
				PRODUCT_BUNDLE_IDENTIFIER = "sorigue.PreeeExamen--";
				PRODUCT_NAME = "$(TARGET_NAME)";
				TARGETED_DEVICE_FAMILY = "1,2";
			};
			name = Debug;
		};
		DF34DDEB209A222400B88AB4 /* Release */ = {
			isa = XCBuildConfiguration;
			buildSettings = {
				ASSETCATALOG_COMPILER_APPICON_NAME = AppIcon;
				CODE_SIGN_STYLE = Automatic;
				INFOPLIST_FILE = "PreeeExamen!!/Info.plist";
				LD_RUNPATH_SEARCH_PATHS = (
					"$(inherited)",
					"@executable_path/Frameworks",
				);
				PRODUCT_BUNDLE_IDENTIFIER = "sorigue.PreeeExamen--";
				PRODUCT_NAME = "$(TARGET_NAME)";
				TARGETED_DEVICE_FAMILY = "1,2";
			};
			name = Release;
		};
		DF34DDED209A222400B88AB4 /* Debug */ = {
			isa = XCBuildConfiguration;
			buildSettings = {
				BUNDLE_LOADER = "$(TEST_HOST)";
				CODE_SIGN_STYLE = Automatic;
				INFOPLIST_FILE = "PreeeExamen!!Tests/Info.plist";
				LD_RUNPATH_SEARCH_PATHS = (
					"$(inherited)",
					"@executable_path/Frameworks",
					"@loader_path/Frameworks",
				);
				PRODUCT_BUNDLE_IDENTIFIER = "sorigue.PreeeExamen--Tests";
				PRODUCT_NAME = "$(TARGET_NAME)";
				TARGETED_DEVICE_FAMILY = "1,2";
				TEST_HOST = "$(BUILT_PRODUCTS_DIR)/PreeeExamen!!.app/PreeeExamen!!";
			};
			name = Debug;
		};
		DF34DDEE209A222400B88AB4 /* Release */ = {
			isa = XCBuildConfiguration;
			buildSettings = {
				BUNDLE_LOADER = "$(TEST_HOST)";
				CODE_SIGN_STYLE = Automatic;
				INFOPLIST_FILE = "PreeeExamen!!Tests/Info.plist";
				LD_RUNPATH_SEARCH_PATHS = (
					"$(inherited)",
					"@executable_path/Frameworks",
					"@loader_path/Frameworks",
				);
				PRODUCT_BUNDLE_IDENTIFIER = "sorigue.PreeeExamen--Tests";
				PRODUCT_NAME = "$(TARGET_NAME)";
				TARGETED_DEVICE_FAMILY = "1,2";
				TEST_HOST = "$(BUILT_PRODUCTS_DIR)/PreeeExamen!!.app/PreeeExamen!!";
			};
			name = Release;
		};
		DF34DDF0209A222400B88AB4 /* Debug */ = {
			isa = XCBuildConfiguration;
			buildSettings = {
				CODE_SIGN_STYLE = Automatic;
				INFOPLIST_FILE = "PreeeExamen!!UITests/Info.plist";
				LD_RUNPATH_SEARCH_PATHS = (
					"$(inherited)",
					"@executable_path/Frameworks",
					"@loader_path/Frameworks",
				);
				PRODUCT_BUNDLE_IDENTIFIER = "sorigue.PreeeExamen--UITests";
				PRODUCT_NAME = "$(TARGET_NAME)";
				TARGETED_DEVICE_FAMILY = "1,2";
				TEST_TARGET_NAME = "PreeeExamen!!";
			};
			name = Debug;
		};
		DF34DDF1209A222400B88AB4 /* Release */ = {
			isa = XCBuildConfiguration;
			buildSettings = {
				CODE_SIGN_STYLE = Automatic;
				INFOPLIST_FILE = "PreeeExamen!!UITests/Info.plist";
				LD_RUNPATH_SEARCH_PATHS = (
					"$(inherited)",
					"@executable_path/Frameworks",
					"@loader_path/Frameworks",
				);
				PRODUCT_BUNDLE_IDENTIFIER = "sorigue.PreeeExamen--UITests";
				PRODUCT_NAME = "$(TARGET_NAME)";
				TARGETED_DEVICE_FAMILY = "1,2";
				TEST_TARGET_NAME = "PreeeExamen!!";
			};
			name = Release;
		};
/* End XCBuildConfiguration section */

/* Begin XCConfigurationList section */
		DF34DDB8209A222200B88AB4 /* Build configuration list for PBXProject "PreeeExamen!!" */ = {
			isa = XCConfigurationList;
			buildConfigurations = (
				DF34DDE7209A222400B88AB4 /* Debug */,
				DF34DDE8209A222400B88AB4 /* Release */,
			);
			defaultConfigurationIsVisible = 0;
			defaultConfigurationName = Release;
		};
		DF34DDE9209A222400B88AB4 /* Build configuration list for PBXNativeTarget "PreeeExamen!!" */ = {
			isa = XCConfigurationList;
			buildConfigurations = (
				DF34DDEA209A222400B88AB4 /* Debug */,
				DF34DDEB209A222400B88AB4 /* Release */,
			);
			defaultConfigurationIsVisible = 0;
			defaultConfigurationName = Release;
		};
		DF34DDEC209A222400B88AB4 /* Build configuration list for PBXNativeTarget "PreeeExamen!!Tests" */ = {
			isa = XCConfigurationList;
			buildConfigurations = (
				DF34DDED209A222400B88AB4 /* Debug */,
				DF34DDEE209A222400B88AB4 /* Release */,
			);
			defaultConfigurationIsVisible = 0;
			defaultConfigurationName = Release;
		};
		DF34DDEF209A222400B88AB4 /* Build configuration list for PBXNativeTarget "PreeeExamen!!UITests" */ = {
			isa = XCConfigurationList;
			buildConfigurations = (
				DF34DDF0209A222400B88AB4 /* Debug */,
				DF34DDF1209A222400B88AB4 /* Release */,
			);
			defaultConfigurationIsVisible = 0;
			defaultConfigurationName = Release;
		};
/* End XCConfigurationList section */
	};
	rootObject = DF34DDB5209A222200B88AB4 /* Project object */;
}
