// !$*UTF8*$!
{
	archiveVersion = 1;
	classes = {
	};
	objectVersion = 50;
	objects = {

/* Begin PBXBuildFile section */
		DF45E97F208A249D004C6D49 /* AppDelegate.m in Sources */ = {isa = PBXBuildFile; fileRef = DF45E97E208A249D004C6D49 /* AppDelegate.m */; };
		DF45E982208A249D004C6D49 /* ViewController.m in Sources */ = {isa = PBXBuildFile; fileRef = DF45E981208A249D004C6D49 /* ViewController.m */; };
		DF45E985208A249D004C6D49 /* Main.storyboard in Resources */ = {isa = PBXBuildFile; fileRef = DF45E983208A249D004C6D49 /* Main.storyboard */; };
		DF45E987208A249F004C6D49 /* Assets.xcassets in Resources */ = {isa = PBXBuildFile; fileRef = DF45E986208A249F004C6D49 /* Assets.xcassets */; };
		DF45E98A208A249F004C6D49 /* LaunchScreen.storyboard in Resources */ = {isa = PBXBuildFile; fileRef = DF45E988208A249F004C6D49 /* LaunchScreen.storyboard */; };
		DF45E98D208A249F004C6D49 /* main.m in Sources */ = {isa = PBXBuildFile; fileRef = DF45E98C208A249F004C6D49 /* main.m */; };
		DF45E997208A249F004C6D49 /* PersistenciaDatosTests.m in Sources */ = {isa = PBXBuildFile; fileRef = DF45E996208A249F004C6D49 /* PersistenciaDatosTests.m */; };
		DF45E9A2208A249F004C6D49 /* PersistenciaDatosUITests.m in Sources */ = {isa = PBXBuildFile; fileRef = DF45E9A1208A249F004C6D49 /* PersistenciaDatosUITests.m */; };
		DF45E9B0208A2550004C6D49 /* prop.plist in Resources */ = {isa = PBXBuildFile; fileRef = DF45E9AF208A2550004C6D49 /* prop.plist */; };
/* End PBXBuildFile section */

/* Begin PBXContainerItemProxy section */
		DF45E993208A249F004C6D49 /* PBXContainerItemProxy */ = {
			isa = PBXContainerItemProxy;
			containerPortal = DF45E972208A249D004C6D49 /* Project object */;
			proxyType = 1;
			remoteGlobalIDString = DF45E979208A249D004C6D49;
			remoteInfo = PersistenciaDatos;
		};
		DF45E99E208A249F004C6D49 /* PBXContainerItemProxy */ = {
			isa = PBXContainerItemProxy;
			containerPortal = DF45E972208A249D004C6D49 /* Project object */;
			proxyType = 1;
			remoteGlobalIDString = DF45E979208A249D004C6D49;
			remoteInfo = PersistenciaDatos;
		};
/* End PBXContainerItemProxy section */

/* Begin PBXFileReference section */
		DF45E97A208A249D004C6D49 /* PersistenciaDatos.app */ = {isa = PBXFileReference; explicitFileType = wrapper.application; includeInIndex = 0; path = PersistenciaDatos.app; sourceTree = BUILT_PRODUCTS_DIR; };
		DF45E97D208A249D004C6D49 /* AppDelegate.h */ = {isa = PBXFileReference; lastKnownFileType = sourcecode.c.h; path = AppDelegate.h; sourceTree = "<group>"; };
		DF45E97E208A249D004C6D49 /* AppDelegate.m */ = {isa = PBXFileReference; lastKnownFileType = sourcecode.c.objc; path = AppDelegate.m; sourceTree = "<group>"; };
		DF45E980208A249D004C6D49 /* ViewController.h */ = {isa = PBXFileReference; lastKnownFileType = sourcecode.c.h; path = ViewController.h; sourceTree = "<group>"; };
		DF45E981208A249D004C6D49 /* ViewController.m */ = {isa = PBXFileReference; lastKnownFileType = sourcecode.c.objc; path = ViewController.m; sourceTree = "<group>"; };
		DF45E984208A249D004C6D49 /* Base */ = {isa = PBXFileReference; lastKnownFileType = file.storyboard; name = Base; path = Base.lproj/Main.storyboard; sourceTree = "<group>"; };
		DF45E986208A249F004C6D49 /* Assets.xcassets */ = {isa = PBXFileReference; lastKnownFileType = folder.assetcatalog; path = Assets.xcassets; sourceTree = "<group>"; };
		DF45E989208A249F004C6D49 /* Base */ = {isa = PBXFileReference; lastKnownFileType = file.storyboard; name = Base; path = Base.lproj/LaunchScreen.storyboard; sourceTree = "<group>"; };
		DF45E98B208A249F004C6D49 /* Info.plist */ = {isa = PBXFileReference; lastKnownFileType = text.plist.xml; path = Info.plist; sourceTree = "<group>"; };
		DF45E98C208A249F004C6D49 /* main.m */ = {isa = PBXFileReference; lastKnownFileType = sourcecode.c.objc; path = main.m; sourceTree = "<group>"; };
		DF45E992208A249F004C6D49 /* PersistenciaDatosTests.xctest */ = {isa = PBXFileReference; explicitFileType = wrapper.cfbundle; includeInIndex = 0; path = PersistenciaDatosTests.xctest; sourceTree = BUILT_PRODUCTS_DIR; };
		DF45E996208A249F004C6D49 /* PersistenciaDatosTests.m */ = {isa = PBXFileReference; lastKnownFileType = sourcecode.c.objc; path = PersistenciaDatosTests.m; sourceTree = "<group>"; };
		DF45E998208A249F004C6D49 /* Info.plist */ = {isa = PBXFileReference; lastKnownFileType = text.plist.xml; path = Info.plist; sourceTree = "<group>"; };
		DF45E99D208A249F004C6D49 /* PersistenciaDatosUITests.xctest */ = {isa = PBXFileReference; explicitFileType = wrapper.cfbundle; includeInIndex = 0; path = PersistenciaDatosUITests.xctest; sourceTree = BUILT_PRODUCTS_DIR; };
		DF45E9A1208A249F004C6D49 /* PersistenciaDatosUITests.m */ = {isa = PBXFileReference; lastKnownFileType = sourcecode.c.objc; path = PersistenciaDatosUITests.m; sourceTree = "<group>"; };
		DF45E9A3208A249F004C6D49 /* Info.plist */ = {isa = PBXFileReference; lastKnownFileType = text.plist.xml; path = Info.plist; sourceTree = "<group>"; };
		DF45E9AF208A2550004C6D49 /* prop.plist */ = {isa = PBXFileReference; lastKnownFileType = text.plist.xml; path = prop.plist; sourceTree = "<group>"; };
/* End PBXFileReference section */

/* Begin PBXFrameworksBuildPhase section */
		DF45E977208A249D004C6D49 /* Frameworks */ = {
			isa = PBXFrameworksBuildPhase;
			buildActionMask = 2147483647;
			files = (
			);
			runOnlyForDeploymentPostprocessing = 0;
		};
		DF45E98F208A249F004C6D49 /* Frameworks */ = {
			isa = PBXFrameworksBuildPhase;
			buildActionMask = 2147483647;
			files = (
			);
			runOnlyForDeploymentPostprocessing = 0;
		};
		DF45E99A208A249F004C6D49 /* Frameworks */ = {
			isa = PBXFrameworksBuildPhase;
			buildActionMask = 2147483647;
			files = (
			);
			runOnlyForDeploymentPostprocessing = 0;
		};
/* End PBXFrameworksBuildPhase section */

/* Begin PBXGroup section */
		DF45E971208A249D004C6D49 = {
			isa = PBXGroup;
			children = (
				DF45E97C208A249D004C6D49 /* PersistenciaDatos */,
				DF45E995208A249F004C6D49 /* PersistenciaDatosTests */,
				DF45E9A0208A249F004C6D49 /* PersistenciaDatosUITests */,
				DF45E97B208A249D004C6D49 /* Products */,
			);
			sourceTree = "<group>";
		};
		DF45E97B208A249D004C6D49 /* Products */ = {
			isa = PBXGroup;
			children = (
				DF45E97A208A249D004C6D49 /* PersistenciaDatos.app */,
				DF45E992208A249F004C6D49 /* PersistenciaDatosTests.xctest */,
				DF45E99D208A249F004C6D49 /* PersistenciaDatosUITests.xctest */,
			);
			name = Products;
			sourceTree = "<group>";
		};
		DF45E97C208A249D004C6D49 /* PersistenciaDatos */ = {
			isa = PBXGroup;
			children = (
				DF45E97D208A249D004C6D49 /* AppDelegate.h */,
				DF45E97E208A249D004C6D49 /* AppDelegate.m */,
				DF45E980208A249D004C6D49 /* ViewController.h */,
				DF45E981208A249D004C6D49 /* ViewController.m */,
				DF45E983208A249D004C6D49 /* Main.storyboard */,
				DF45E986208A249F004C6D49 /* Assets.xcassets */,
				DF45E988208A249F004C6D49 /* LaunchScreen.storyboard */,
				DF45E98B208A249F004C6D49 /* Info.plist */,
				DF45E98C208A249F004C6D49 /* main.m */,
				DF45E9AF208A2550004C6D49 /* prop.plist */,
			);
			path = PersistenciaDatos;
			sourceTree = "<group>";
		};
		DF45E995208A249F004C6D49 /* PersistenciaDatosTests */ = {
			isa = PBXGroup;
			children = (
				DF45E996208A249F004C6D49 /* PersistenciaDatosTests.m */,
				DF45E998208A249F004C6D49 /* Info.plist */,
			);
			path = PersistenciaDatosTests;
			sourceTree = "<group>";
		};
		DF45E9A0208A249F004C6D49 /* PersistenciaDatosUITests */ = {
			isa = PBXGroup;
			children = (
				DF45E9A1208A249F004C6D49 /* PersistenciaDatosUITests.m */,
				DF45E9A3208A249F004C6D49 /* Info.plist */,
			);
			path = PersistenciaDatosUITests;
			sourceTree = "<group>";
		};
/* End PBXGroup section */

/* Begin PBXNativeTarget section */
		DF45E979208A249D004C6D49 /* PersistenciaDatos */ = {
			isa = PBXNativeTarget;
			buildConfigurationList = DF45E9A6208A249F004C6D49 /* Build configuration list for PBXNativeTarget "PersistenciaDatos" */;
			buildPhases = (
				DF45E976208A249D004C6D49 /* Sources */,
				DF45E977208A249D004C6D49 /* Frameworks */,
				DF45E978208A249D004C6D49 /* Resources */,
			);
			buildRules = (
			);
			dependencies = (
			);
			name = PersistenciaDatos;
			productName = PersistenciaDatos;
			productReference = DF45E97A208A249D004C6D49 /* PersistenciaDatos.app */;
			productType = "com.apple.product-type.application";
		};
		DF45E991208A249F004C6D49 /* PersistenciaDatosTests */ = {
			isa = PBXNativeTarget;
			buildConfigurationList = DF45E9A9208A249F004C6D49 /* Build configuration list for PBXNativeTarget "PersistenciaDatosTests" */;
			buildPhases = (
				DF45E98E208A249F004C6D49 /* Sources */,
				DF45E98F208A249F004C6D49 /* Frameworks */,
				DF45E990208A249F004C6D49 /* Resources */,
			);
			buildRules = (
			);
			dependencies = (
				DF45E994208A249F004C6D49 /* PBXTargetDependency */,
			);
			name = PersistenciaDatosTests;
			productName = PersistenciaDatosTests;
			productReference = DF45E992208A249F004C6D49 /* PersistenciaDatosTests.xctest */;
			productType = "com.apple.product-type.bundle.unit-test";
		};
		DF45E99C208A249F004C6D49 /* PersistenciaDatosUITests */ = {
			isa = PBXNativeTarget;
			buildConfigurationList = DF45E9AC208A249F004C6D49 /* Build configuration list for PBXNativeTarget "PersistenciaDatosUITests" */;
			buildPhases = (
				DF45E999208A249F004C6D49 /* Sources */,
				DF45E99A208A249F004C6D49 /* Frameworks */,
				DF45E99B208A249F004C6D49 /* Resources */,
			);
			buildRules = (
			);
			dependencies = (
				DF45E99F208A249F004C6D49 /* PBXTargetDependency */,
			);
			name = PersistenciaDatosUITests;
			productName = PersistenciaDatosUITests;
			productReference = DF45E99D208A249F004C6D49 /* PersistenciaDatosUITests.xctest */;
			productType = "com.apple.product-type.bundle.ui-testing";
		};
/* End PBXNativeTarget section */

/* Begin PBXProject section */
		DF45E972208A249D004C6D49 /* Project object */ = {
			isa = PBXProject;
			attributes = {
				LastUpgradeCheck = 0930;
				ORGANIZATIONNAME = user137296;
				TargetAttributes = {
					DF45E979208A249D004C6D49 = {
						CreatedOnToolsVersion = 9.3;
					};
					DF45E991208A249F004C6D49 = {
						CreatedOnToolsVersion = 9.3;
						TestTargetID = DF45E979208A249D004C6D49;
					};
					DF45E99C208A249F004C6D49 = {
						CreatedOnToolsVersion = 9.3;
						TestTargetID = DF45E979208A249D004C6D49;
					};
				};
			};
			buildConfigurationList = DF45E975208A249D004C6D49 /* Build configuration list for PBXProject "PersistenciaDatos" */;
			compatibilityVersion = "Xcode 9.3";
			developmentRegion = en;
			hasScannedForEncodings = 0;
			knownRegions = (
				en,
				Base,
			);
			mainGroup = DF45E971208A249D004C6D49;
			productRefGroup = DF45E97B208A249D004C6D49 /* Products */;
			projectDirPath = "";
			projectRoot = "";
			targets = (
				DF45E979208A249D004C6D49 /* PersistenciaDatos */,
				DF45E991208A249F004C6D49 /* PersistenciaDatosTests */,
				DF45E99C208A249F004C6D49 /* PersistenciaDatosUITests */,
			);
		};
/* End PBXProject section */

/* Begin PBXResourcesBuildPhase section */
		DF45E978208A249D004C6D49 /* Resources */ = {
			isa = PBXResourcesBuildPhase;
			buildActionMask = 2147483647;
			files = (
				DF45E98A208A249F004C6D49 /* LaunchScreen.storyboard in Resources */,
				DF45E9B0208A2550004C6D49 /* prop.plist in Resources */,
				DF45E987208A249F004C6D49 /* Assets.xcassets in Resources */,
				DF45E985208A249D004C6D49 /* Main.storyboard in Resources */,
			);
			runOnlyForDeploymentPostprocessing = 0;
		};
		DF45E990208A249F004C6D49 /* Resources */ = {
			isa = PBXResourcesBuildPhase;
			buildActionMask = 2147483647;
			files = (
			);
			runOnlyForDeploymentPostprocessing = 0;
		};
		DF45E99B208A249F004C6D49 /* Resources */ = {
			isa = PBXResourcesBuildPhase;
			buildActionMask = 2147483647;
			files = (
			);
			runOnlyForDeploymentPostprocessing = 0;
		};
/* End PBXResourcesBuildPhase section */

/* Begin PBXSourcesBuildPhase section */
		DF45E976208A249D004C6D49 /* Sources */ = {
			isa = PBXSourcesBuildPhase;
			buildActionMask = 2147483647;
			files = (
				DF45E982208A249D004C6D49 /* ViewController.m in Sources */,
				DF45E98D208A249F004C6D49 /* main.m in Sources */,
				DF45E97F208A249D004C6D49 /* AppDelegate.m in Sources */,
			);
			runOnlyForDeploymentPostprocessing = 0;
		};
		DF45E98E208A249F004C6D49 /* Sources */ = {
			isa = PBXSourcesBuildPhase;
			buildActionMask = 2147483647;
			files = (
				DF45E997208A249F004C6D49 /* PersistenciaDatosTests.m in Sources */,
			);
			runOnlyForDeploymentPostprocessing = 0;
		};
		DF45E999208A249F004C6D49 /* Sources */ = {
			isa = PBXSourcesBuildPhase;
			buildActionMask = 2147483647;
			files = (
				DF45E9A2208A249F004C6D49 /* PersistenciaDatosUITests.m in Sources */,
			);
			runOnlyForDeploymentPostprocessing = 0;
		};
/* End PBXSourcesBuildPhase section */

/* Begin PBXTargetDependency section */
		DF45E994208A249F004C6D49 /* PBXTargetDependency */ = {
			isa = PBXTargetDependency;
			target = DF45E979208A249D004C6D49 /* PersistenciaDatos */;
			targetProxy = DF45E993208A249F004C6D49 /* PBXContainerItemProxy */;
		};
		DF45E99F208A249F004C6D49 /* PBXTargetDependency */ = {
			isa = PBXTargetDependency;
			target = DF45E979208A249D004C6D49 /* PersistenciaDatos */;
			targetProxy = DF45E99E208A249F004C6D49 /* PBXContainerItemProxy */;
		};
/* End PBXTargetDependency section */

/* Begin PBXVariantGroup section */
		DF45E983208A249D004C6D49 /* Main.storyboard */ = {
			isa = PBXVariantGroup;
			children = (
				DF45E984208A249D004C6D49 /* Base */,
			);
			name = Main.storyboard;
			sourceTree = "<group>";
		};
		DF45E988208A249F004C6D49 /* LaunchScreen.storyboard */ = {
			isa = PBXVariantGroup;
			children = (
				DF45E989208A249F004C6D49 /* Base */,
			);
			name = LaunchScreen.storyboard;
			sourceTree = "<group>";
		};
/* End PBXVariantGroup section */

/* Begin XCBuildConfiguration section */
		DF45E9A4208A249F004C6D49 /* Debug */ = {
			isa = XCBuildConfiguration;
			buildSettings = {
				ALWAYS_SEARCH_USER_PATHS = NO;
				CLANG_ANALYZER_NONNULL = YES;
				CLANG_ANALYZER_NUMBER_OBJECT_CONVERSION = YES_AGGRESSIVE;
				CLANG_CXX_LANGUAGE_STANDARD = "gnu++14";
				CLANG_CXX_LIBRARY = "libc++";
				CLANG_ENABLE_MODULES = YES;
				CLANG_ENABLE_OBJC_ARC = YES;
				CLANG_ENABLE_OBJC_WEAK = YES;
				CLANG_WARN_BLOCK_CAPTURE_AUTORELEASING = YES;
				CLANG_WARN_BOOL_CONVERSION = YES;
				CLANG_WARN_COMMA = YES;
				CLANG_WARN_CONSTANT_CONVERSION = YES;
				CLANG_WARN_DEPRECATED_OBJC_IMPLEMENTATIONS = YES;
				CLANG_WARN_DIRECT_OBJC_ISA_USAGE = YES_ERROR;
				CLANG_WARN_DOCUMENTATION_COMMENTS = YES;
				CLANG_WARN_EMPTY_BODY = YES;
				CLANG_WARN_ENUM_CONVERSION = YES;
				CLANG_WARN_INFINITE_RECURSION = YES;
				CLANG_WARN_INT_CONVERSION = YES;
				CLANG_WARN_NON_LITERAL_NULL_CONVERSION = YES;
				CLANG_WARN_OBJC_IMPLICIT_RETAIN_SELF = YES;
				CLANG_WARN_OBJC_LITERAL_CONVERSION = YES;
				CLANG_WARN_OBJC_ROOT_CLASS = YES_ERROR;
				CLANG_WARN_RANGE_LOOP_ANALYSIS = YES;
				CLANG_WARN_STRICT_PROTOTYPES = YES;
				CLANG_WARN_SUSPICIOUS_MOVE = YES;
				CLANG_WARN_UNGUARDED_AVAILABILITY = YES_AGGRESSIVE;
				CLANG_WARN_UNREACHABLE_CODE = YES;
				CLANG_WARN__DUPLICATE_METHOD_MATCH = YES;
				CODE_SIGN_IDENTITY = "iPhone Developer";
				COPY_PHASE_STRIP = NO;
				DEBUG_INFORMATION_FORMAT = dwarf;
				ENABLE_STRICT_OBJC_MSGSEND = YES;
				ENABLE_TESTABILITY = YES;
				GCC_C_LANGUAGE_STANDARD = gnu11;
				GCC_DYNAMIC_NO_PIC = NO;
				GCC_NO_COMMON_BLOCKS = YES;
				GCC_OPTIMIZATION_LEVEL = 0;
				GCC_PREPROCESSOR_DEFINITIONS = (
					"DEBUG=1",
					"$(inherited)",
				);
				GCC_WARN_64_TO_32_BIT_CONVERSION = YES;
				GCC_WARN_ABOUT_RETURN_TYPE = YES_ERROR;
				GCC_WARN_UNDECLARED_SELECTOR = YES;
				GCC_WARN_UNINITIALIZED_AUTOS = YES_AGGRESSIVE;
				GCC_WARN_UNUSED_FUNCTION = YES;
				GCC_WARN_UNUSED_VARIABLE = YES;
				IPHONEOS_DEPLOYMENT_TARGET = 11.3;
				MTL_ENABLE_DEBUG_INFO = YES;
				ONLY_ACTIVE_ARCH = YES;
				SDKROOT = iphoneos;
			};
			name = Debug;
		};
		DF45E9A5208A249F004C6D49 /* Release */ = {
			isa = XCBuildConfiguration;
			buildSettings = {
				ALWAYS_SEARCH_USER_PATHS = NO;
				CLANG_ANALYZER_NONNULL = YES;
				CLANG_ANALYZER_NUMBER_OBJECT_CONVERSION = YES_AGGRESSIVE;
				CLANG_CXX_LANGUAGE_STANDARD = "gnu++14";
				CLANG_CXX_LIBRARY = "libc++";
				CLANG_ENABLE_MODULES = YES;
				CLANG_ENABLE_OBJC_ARC = YES;
				CLANG_ENABLE_OBJC_WEAK = YES;
				CLANG_WARN_BLOCK_CAPTURE_AUTORELEASING = YES;
				CLANG_WARN_BOOL_CONVERSION = YES;
				CLANG_WARN_COMMA = YES;
				CLANG_WARN_CONSTANT_CONVERSION = YES;
				CLANG_WARN_DEPRECATED_OBJC_IMPLEMENTATIONS = YES;
				CLANG_WARN_DIRECT_OBJC_ISA_USAGE = YES_ERROR;
				CLANG_WARN_DOCUMENTATION_COMMENTS = YES;
				CLANG_WARN_EMPTY_BODY = YES;
				CLANG_WARN_ENUM_CONVERSION = YES;
				CLANG_WARN_INFINITE_RECURSION = YES;
				CLANG_WARN_INT_CONVERSION = YES;
				CLANG_WARN_NON_LITERAL_NULL_CONVERSION = YES;
				CLANG_WARN_OBJC_IMPLICIT_RETAIN_SELF = YES;
				CLANG_WARN_OBJC_LITERAL_CONVERSION = YES;
				CLANG_WARN_OBJC_ROOT_CLASS = YES_ERROR;
				CLANG_WARN_RANGE_LOOP_ANALYSIS = YES;
				CLANG_WARN_STRICT_PROTOTYPES = YES;
				CLANG_WARN_SUSPICIOUS_MOVE = YES;
				CLANG_WARN_UNGUARDED_AVAILABILITY = YES_AGGRESSIVE;
				CLANG_WARN_UNREACHABLE_CODE = YES;
				CLANG_WARN__DUPLICATE_METHOD_MATCH = YES;
				CODE_SIGN_IDENTITY = "iPhone Developer";
				COPY_PHASE_STRIP = NO;
				DEBUG_INFORMATION_FORMAT = "dwarf-with-dsym";
				ENABLE_NS_ASSERTIONS = NO;
				ENABLE_STRICT_OBJC_MSGSEND = YES;
				GCC_C_LANGUAGE_STANDARD = gnu11;
				GCC_NO_COMMON_BLOCKS = YES;
				GCC_WARN_64_TO_32_BIT_CONVERSION = YES;
				GCC_WARN_ABOUT_RETURN_TYPE = YES_ERROR;
				GCC_WARN_UNDECLARED_SELECTOR = YES;
				GCC_WARN_UNINITIALIZED_AUTOS = YES_AGGRESSIVE;
				GCC_WARN_UNUSED_FUNCTION = YES;
				GCC_WARN_UNUSED_VARIABLE = YES;
				IPHONEOS_DEPLOYMENT_TARGET = 11.3;
				MTL_ENABLE_DEBUG_INFO = NO;
				SDKROOT = iphoneos;
				VALIDATE_PRODUCT = YES;
			};
			name = Release;
		};
		DF45E9A7208A249F004C6D49 /* Debug */ = {
			isa = XCBuildConfiguration;
			buildSettings = {
				ASSETCATALOG_COMPILER_APPICON_NAME = AppIcon;
				CODE_SIGN_STYLE = Automatic;
				INFOPLIST_FILE = PersistenciaDatos/Info.plist;
				LD_RUNPATH_SEARCH_PATHS = (
					"$(inherited)",
					"@executable_path/Frameworks",
				);
				PRODUCT_BUNDLE_IDENTIFIER = sorigue.PersistenciaDatos;
				PRODUCT_NAME = "$(TARGET_NAME)";
				TARGETED_DEVICE_FAMILY = "1,2";
			};
			name = Debug;
		};
		DF45E9A8208A249F004C6D49 /* Release */ = {
			isa = XCBuildConfiguration;
			buildSettings = {
				ASSETCATALOG_COMPILER_APPICON_NAME = AppIcon;
				CODE_SIGN_STYLE = Automatic;
				INFOPLIST_FILE = PersistenciaDatos/Info.plist;
				LD_RUNPATH_SEARCH_PATHS = (
					"$(inherited)",
					"@executable_path/Frameworks",
				);
				PRODUCT_BUNDLE_IDENTIFIER = sorigue.PersistenciaDatos;
				PRODUCT_NAME = "$(TARGET_NAME)";
				TARGETED_DEVICE_FAMILY = "1,2";
			};
			name = Release;
		};
		DF45E9AA208A249F004C6D49 /* Debug */ = {
			isa = XCBuildConfiguration;
			buildSettings = {
				BUNDLE_LOADER = "$(TEST_HOST)";
				CODE_SIGN_STYLE = Automatic;
				INFOPLIST_FILE = PersistenciaDatosTests/Info.plist;
				LD_RUNPATH_SEARCH_PATHS = (
					"$(inherited)",
					"@executable_path/Frameworks",
					"@loader_path/Frameworks",
				);
				PRODUCT_BUNDLE_IDENTIFIER = sorigue.PersistenciaDatosTests;
				PRODUCT_NAME = "$(TARGET_NAME)";
				TARGETED_DEVICE_FAMILY = "1,2";
				TEST_HOST = "$(BUILT_PRODUCTS_DIR)/PersistenciaDatos.app/PersistenciaDatos";
			};
			name = Debug;
		};
		DF45E9AB208A249F004C6D49 /* Release */ = {
			isa = XCBuildConfiguration;
			buildSettings = {
				BUNDLE_LOADER = "$(TEST_HOST)";
				CODE_SIGN_STYLE = Automatic;
				INFOPLIST_FILE = PersistenciaDatosTests/Info.plist;
				LD_RUNPATH_SEARCH_PATHS = (
					"$(inherited)",
					"@executable_path/Frameworks",
					"@loader_path/Frameworks",
				);
				PRODUCT_BUNDLE_IDENTIFIER = sorigue.PersistenciaDatosTests;
				PRODUCT_NAME = "$(TARGET_NAME)";
				TARGETED_DEVICE_FAMILY = "1,2";
				TEST_HOST = "$(BUILT_PRODUCTS_DIR)/PersistenciaDatos.app/PersistenciaDatos";
			};
			name = Release;
		};
		DF45E9AD208A249F004C6D49 /* Debug */ = {
			isa = XCBuildConfiguration;
			buildSettings = {
				CODE_SIGN_STYLE = Automatic;
				INFOPLIST_FILE = PersistenciaDatosUITests/Info.plist;
				LD_RUNPATH_SEARCH_PATHS = (
					"$(inherited)",
					"@executable_path/Frameworks",
					"@loader_path/Frameworks",
				);
				PRODUCT_BUNDLE_IDENTIFIER = sorigue.PersistenciaDatosUITests;
				PRODUCT_NAME = "$(TARGET_NAME)";
				TARGETED_DEVICE_FAMILY = "1,2";
				TEST_TARGET_NAME = PersistenciaDatos;
			};
			name = Debug;
		};
		DF45E9AE208A249F004C6D49 /* Release */ = {
			isa = XCBuildConfiguration;
			buildSettings = {
				CODE_SIGN_STYLE = Automatic;
				INFOPLIST_FILE = PersistenciaDatosUITests/Info.plist;
				LD_RUNPATH_SEARCH_PATHS = (
					"$(inherited)",
					"@executable_path/Frameworks",
					"@loader_path/Frameworks",
				);
				PRODUCT_BUNDLE_IDENTIFIER = sorigue.PersistenciaDatosUITests;
				PRODUCT_NAME = "$(TARGET_NAME)";
				TARGETED_DEVICE_FAMILY = "1,2";
				TEST_TARGET_NAME = PersistenciaDatos;
			};
			name = Release;
		};
/* End XCBuildConfiguration section */

/* Begin XCConfigurationList section */
		DF45E975208A249D004C6D49 /* Build configuration list for PBXProject "PersistenciaDatos" */ = {
			isa = XCConfigurationList;
			buildConfigurations = (
				DF45E9A4208A249F004C6D49 /* Debug */,
				DF45E9A5208A249F004C6D49 /* Release */,
			);
			defaultConfigurationIsVisible = 0;
			defaultConfigurationName = Release;
		};
		DF45E9A6208A249F004C6D49 /* Build configuration list for PBXNativeTarget "PersistenciaDatos" */ = {
			isa = XCConfigurationList;
			buildConfigurations = (
				DF45E9A7208A249F004C6D49 /* Debug */,
				DF45E9A8208A249F004C6D49 /* Release */,
			);
			defaultConfigurationIsVisible = 0;
			defaultConfigurationName = Release;
		};
		DF45E9A9208A249F004C6D49 /* Build configuration list for PBXNativeTarget "PersistenciaDatosTests" */ = {
			isa = XCConfigurationList;
			buildConfigurations = (
				DF45E9AA208A249F004C6D49 /* Debug */,
				DF45E9AB208A249F004C6D49 /* Release */,
			);
			defaultConfigurationIsVisible = 0;
			defaultConfigurationName = Release;
		};
		DF45E9AC208A249F004C6D49 /* Build configuration list for PBXNativeTarget "PersistenciaDatosUITests" */ = {
			isa = XCConfigurationList;
			buildConfigurations = (
				DF45E9AD208A249F004C6D49 /* Debug */,
				DF45E9AE208A249F004C6D49 /* Release */,
			);
			defaultConfigurationIsVisible = 0;
			defaultConfigurationName = Release;
		};
/* End XCConfigurationList section */
	};
	rootObject = DF45E972208A249D004C6D49 /* Project object */;
}
